
Microsoft Visual Studio Solution File, Format Version 12.00
# Visual Studio Version 17
VisualStudioVersion = 17.0.31919.166
MinimumVisualStudioVersion = 10.0.40219.1
Project("{FAE04EC0-301F-11D3-BF4B-00C04F79EFBC}") = "Function Assingment no 1", "Function Assingment no 1\Function Assingment no 1.csproj", "{3EE03386-8167-4E89-B40D-6F143272C156}"
EndProject
Global
	GlobalSection(SolutionConfigurationPlatforms) = preSolution
		Debug|Any CPU = Debug|Any CPU
		Release|Any CPU = Release|Any CPU
	EndGlobalSection
	GlobalSection(ProjectConfigurationPlatforms) = postSolution
		{3EE03386-8167-4E89-B40D-6F143272C156}.Debug|Any CPU.ActiveCfg = Debug|Any CPU
		{3EE03386-8167-4E89-B40D-6F143272C156}.Debug|Any CPU.Build.0 = Debug|Any CPU
		{3EE03386-8167-4E89-B40D-6F143272C156}.Release|Any CPU.ActiveCfg = Release|Any CPU
		{3EE03386-8167-4E89-B40D-6F143272C156}.Release|Any CPU.Build.0 = Release|Any CPU
	EndGlobalSection
	GlobalSection(SolutionProperties) = preSolution
		HideSolutionNode = FALSE
	EndGlobalSection
	GlobalSection(ExtensibilityGlobals) = postSolution
		SolutionGuid = {2E5AE6C2-84DB-4CE2-BAFA-F9F4848E74AF}
	EndGlobalSection
EndGlobal
